
Microsoft Visual Studio Solution File, Format Version 12.00
# Visual Studio Version 16
VisualStudioVersion = 16.0.29613.14
MinimumVisualStudioVersion = 10.0.40219.1
Project("{FAE04EC0-301F-11D3-BF4B-00C04F79EFBC}") = "Laskin", "Laskin\Laskin.csproj", "{CADA5BFA-73C7-43DD-B1F7-EBCD6BBBBB9D}"
EndProject
Global
	GlobalSection(SolutionConfigurationPlatforms) = preSolution
		Debug|Any CPU = Debug|Any CPU
		Release|Any CPU = Release|Any CPU
	EndGlobalSection
	GlobalSection(ProjectConfigurationPlatforms) = postSolution
		{CADA5BFA-73C7-43DD-B1F7-EBCD6BBBBB9D}.Debug|Any CPU.ActiveCfg = Debug|Any CPU
		{CADA5BFA-73C7-43DD-B1F7-EBCD6BBBBB9D}.Debug|Any CPU.Build.0 = Debug|Any CPU
		{CADA5BFA-73C7-43DD-B1F7-EBCD6BBBBB9D}.Release|Any CPU.ActiveCfg = Release|Any CPU
		{CADA5BFA-73C7-43DD-B1F7-EBCD6BBBBB9D}.Release|Any CPU.Build.0 = Release|Any CPU
	EndGlobalSection
	GlobalSection(SolutionProperties) = preSolution
		HideSolutionNode = FALSE
	EndGlobalSection
	GlobalSection(ExtensibilityGlobals) = postSolution
		SolutionGuid = {EFB984AB-4629-4593-B15E-E9CB32F661FF}
	EndGlobalSection
EndGlobal
