
Microsoft Visual Studio Solution File, Format Version 12.00
# Visual Studio Version 16
VisualStudioVersion = 16.0.31729.503
MinimumVisualStudioVersion = 10.0.40219.1
Project("{FAE04EC0-301F-11D3-BF4B-00C04F79EFBC}") = "Kokoava", "Kokoava\Kokoava.csproj", "{7679813A-E5BA-4386-9025-66D65EF3371C}"
EndProject
Global
	GlobalSection(SolutionConfigurationPlatforms) = preSolution
		Debug|Any CPU = Debug|Any CPU
		Release|Any CPU = Release|Any CPU
	EndGlobalSection
	GlobalSection(ProjectConfigurationPlatforms) = postSolution
		{7679813A-E5BA-4386-9025-66D65EF3371C}.Debug|Any CPU.ActiveCfg = Debug|Any CPU
		{7679813A-E5BA-4386-9025-66D65EF3371C}.Debug|Any CPU.Build.0 = Debug|Any CPU
		{7679813A-E5BA-4386-9025-66D65EF3371C}.Release|Any CPU.ActiveCfg = Release|Any CPU
		{7679813A-E5BA-4386-9025-66D65EF3371C}.Release|Any CPU.Build.0 = Release|Any CPU
	EndGlobalSection
	GlobalSection(SolutionProperties) = preSolution
		HideSolutionNode = FALSE
	EndGlobalSection
	GlobalSection(ExtensibilityGlobals) = postSolution
		SolutionGuid = {ACBCC2DE-39CB-44B7-8467-A95BDB5FBA9D}
	EndGlobalSection
EndGlobal
